
Microsoft Visual Studio Solution File, Format Version 12.00
# Visual Studio Version 17
VisualStudioVersion = 17.11.35219.272
MinimumVisualStudioVersion = 10.0.40219.1
Project("{9A19103F-16F7-4668-BE54-9A1E7A4F7556}") = "DN.HELPER.LIBRARY", "DN.HELPER.LIBRARY\DN.HELPER.LIBRARY.csproj", "{194C9434-C439-4237-9125-BBC9CB52456F}"
EndProject
Project("{FAE04EC0-301F-11D3-BF4B-00C04F79EFBC}") = "DN.HELPER.LIBRARY.TEST", "DN.HELPER.LIBRARY.TEST\DN.HELPER.LIBRARY.TEST.csproj", "{62FCBF6A-CAE1-4CE6-A0BF-5B2D9B0C2942}"
EndProject
Global
	GlobalSection(SolutionConfigurationPlatforms) = preSolution
		Debug|Any CPU = Debug|Any CPU
		Debug|x64 = Debug|x64
		Release|Any CPU = Release|Any CPU
		Release|x64 = Release|x64
	EndGlobalSection
	GlobalSection(ProjectConfigurationPlatforms) = postSolution
		{194C9434-C439-4237-9125-BBC9CB52456F}.Debug|Any CPU.ActiveCfg = Debug|Any CPU
		{194C9434-C439-4237-9125-BBC9CB52456F}.Debug|Any CPU.Build.0 = Debug|Any CPU
		{194C9434-C439-4237-9125-BBC9CB52456F}.Debug|x64.ActiveCfg = Debug|x64
		{194C9434-C439-4237-9125-BBC9CB52456F}.Debug|x64.Build.0 = Debug|x64
		{194C9434-C439-4237-9125-BBC9CB52456F}.Release|Any CPU.ActiveCfg = Release|Any CPU
		{194C9434-C439-4237-9125-BBC9CB52456F}.Release|Any CPU.Build.0 = Release|Any CPU
		{194C9434-C439-4237-9125-BBC9CB52456F}.Release|x64.ActiveCfg = Release|x64
		{194C9434-C439-4237-9125-BBC9CB52456F}.Release|x64.Build.0 = Release|x64
		{62FCBF6A-CAE1-4CE6-A0BF-5B2D9B0C2942}.Debug|Any CPU.ActiveCfg = Debug|Any CPU
		{62FCBF6A-CAE1-4CE6-A0BF-5B2D9B0C2942}.Debug|Any CPU.Build.0 = Debug|Any CPU
		{62FCBF6A-CAE1-4CE6-A0BF-5B2D9B0C2942}.Debug|x64.ActiveCfg = Debug|x64
		{62FCBF6A-CAE1-4CE6-A0BF-5B2D9B0C2942}.Debug|x64.Build.0 = Debug|x64
		{62FCBF6A-CAE1-4CE6-A0BF-5B2D9B0C2942}.Release|Any CPU.ActiveCfg = Release|Any CPU
		{62FCBF6A-CAE1-4CE6-A0BF-5B2D9B0C2942}.Release|Any CPU.Build.0 = Release|Any CPU
		{62FCBF6A-CAE1-4CE6-A0BF-5B2D9B0C2942}.Release|x64.ActiveCfg = Release|x64
		{62FCBF6A-CAE1-4CE6-A0BF-5B2D9B0C2942}.Release|x64.Build.0 = Release|x64
	EndGlobalSection
	GlobalSection(SolutionProperties) = preSolution
		HideSolutionNode = FALSE
	EndGlobalSection
	GlobalSection(ExtensibilityGlobals) = postSolution
		SolutionGuid = {25158C04-6EAD-42BF-A27F-60D59D15452B}
	EndGlobalSection
EndGlobal
